
Microsoft Visual Studio Solution File, Format Version 12.00
# Visual Studio Version 17
VisualStudioVersion = 17.5.33516.290
MinimumVisualStudioVersion = 10.0.40219.1
Project("{9A19103F-16F7-4668-BE54-9A1E7A4F7556}") = "WebAppCitelTeste", "WebAppCitelTeste\WebAppCitelTeste.csproj", "{4C54A0A9-3459-4657-A728-71838FF93F8F}"
EndProject
Project("{9A19103F-16F7-4668-BE54-9A1E7A4F7556}") = "CitelTesteApi", "CitelTeste.ProdutoApi\CitelTesteApi.csproj", "{DF97929A-E5C8-4D15-AF9F-74230D61D620}"
EndProject
Project("{2150E333-8FDC-42A3-9474-1A3956D46DE8}") = "ScriptBD", "ScriptBD", "{5814E28C-32A4-47F9-8F83-7967B7C9F26A}"
	ProjectSection(SolutionItems) = preProject
		ScriptCitelTeste.sql = ScriptCitelTeste.sql
	EndProjectSection
EndProject
Project("{FAE04EC0-301F-11D3-BF4B-00C04F79EFBC}") = "CitelTeste.ProductAPI_Microservice", "CitelTeste.ProductAPI_Microservice\CitelTeste.ProductAPI_Microservice.csproj", "{13079666-7200-4109-8F33-2C43DD8E9EDA}"
EndProject
Global
	GlobalSection(SolutionConfigurationPlatforms) = preSolution
		Debug|Any CPU = Debug|Any CPU
		Release|Any CPU = Release|Any CPU
	EndGlobalSection
	GlobalSection(ProjectConfigurationPlatforms) = postSolution
		{4C54A0A9-3459-4657-A728-71838FF93F8F}.Debug|Any CPU.ActiveCfg = Debug|Any CPU
		{4C54A0A9-3459-4657-A728-71838FF93F8F}.Debug|Any CPU.Build.0 = Debug|Any CPU
		{4C54A0A9-3459-4657-A728-71838FF93F8F}.Release|Any CPU.ActiveCfg = Release|Any CPU
		{4C54A0A9-3459-4657-A728-71838FF93F8F}.Release|Any CPU.Build.0 = Release|Any CPU
		{DF97929A-E5C8-4D15-AF9F-74230D61D620}.Debug|Any CPU.ActiveCfg = Debug|Any CPU
		{DF97929A-E5C8-4D15-AF9F-74230D61D620}.Debug|Any CPU.Build.0 = Debug|Any CPU
		{DF97929A-E5C8-4D15-AF9F-74230D61D620}.Release|Any CPU.ActiveCfg = Release|Any CPU
		{DF97929A-E5C8-4D15-AF9F-74230D61D620}.Release|Any CPU.Build.0 = Release|Any CPU
		{13079666-7200-4109-8F33-2C43DD8E9EDA}.Debug|Any CPU.ActiveCfg = Debug|Any CPU
		{13079666-7200-4109-8F33-2C43DD8E9EDA}.Debug|Any CPU.Build.0 = Debug|Any CPU
		{13079666-7200-4109-8F33-2C43DD8E9EDA}.Release|Any CPU.ActiveCfg = Release|Any CPU
		{13079666-7200-4109-8F33-2C43DD8E9EDA}.Release|Any CPU.Build.0 = Release|Any CPU
	EndGlobalSection
	GlobalSection(SolutionProperties) = preSolution
		HideSolutionNode = FALSE
	EndGlobalSection
	GlobalSection(ExtensibilityGlobals) = postSolution
		SolutionGuid = {EDAA1C0A-292D-4A8D-A25A-D973E1F5CD26}
	EndGlobalSection
EndGlobal
